github.com/LixenWraith/logger v0.0.0-20241112051147-da4c3581a6d2 h1:aHzGsv7/C41lAiLXXF3SulfHJQX17q7kA4J190BXv+o=
github.com/LixenWraith/logger v0.0.0-20241112051147-da4c3581a6d2/go.mod h1:1iasqdCA2Nf+6HpXB2nfseRA86J8TovxtHGHWWEZLWA=
github.com/LixenWraith/logger v0.0.0-20241112062122-3e29ba0f04ea h1:VRiLoRoxOE3xfDO6pZ8Dq4BRFyx1zMAEfCG8ojjyxsU=
github.com/LixenWraith/logger v0.0.0-20241112062122-3e29ba0f04ea/go.mod h1:1iasqdCA2Nf+6HpXB2nfseRA86J8TovxtHGHWWEZLWA=
github.com/LixenWraith/tinytoml v0.0.0-20241111212323-814977faaaf7 h1:LvZsiWNWLoXZyL26FtNeiyn7tYS9xOZyat0DAfN4Kcg=
github.com/LixenWraith/tinytoml v0.0.0-20241111212323-814977faaaf7/go.mod h1:FJdhsiZHn4DPjUDLw/MqfyP8s0550VnMyOJ2MQ4dXV0=
golang.org/x/time v0.8.0 h1:9i3RxcPv3PZnitoVGMPDKZSq1xW1gK1Xy3ArNOGZfEg=
golang.org/x/time v0.8.0/go.mod h1:3BpzKBy/shNhVucY/MWOyx10tF3SFh9QdLuxbVysPQM=
